
Microsoft Visual Studio Solution File, Format Version 12.00
# Visual Studio Version 16
VisualStudioVersion = 16.0.30128.74
MinimumVisualStudioVersion = 10.0.40219.1
Project("{FAE04EC0-301F-11D3-BF4B-00C04F79EFBC}") = "Kvajn-Meklaski V2", "Kvajn-Meklaski V2.csproj", "{7A131ACF-2FE2-4623-85DF-BC3CA7FD8A80}"
EndProject
Global
	GlobalSection(SolutionConfigurationPlatforms) = preSolution
		Debug|Any CPU = Debug|Any CPU
		Release|Any CPU = Release|Any CPU
	EndGlobalSection
	GlobalSection(ProjectConfigurationPlatforms) = postSolution
		{7A131ACF-2FE2-4623-85DF-BC3CA7FD8A80}.Debug|Any CPU.ActiveCfg = Debug|Any CPU
		{7A131ACF-2FE2-4623-85DF-BC3CA7FD8A80}.Debug|Any CPU.Build.0 = Debug|Any CPU
		{7A131ACF-2FE2-4623-85DF-BC3CA7FD8A80}.Release|Any CPU.ActiveCfg = Release|Any CPU
		{7A131ACF-2FE2-4623-85DF-BC3CA7FD8A80}.Release|Any CPU.Build.0 = Release|Any CPU
	EndGlobalSection
	GlobalSection(SolutionProperties) = preSolution
		HideSolutionNode = FALSE
	EndGlobalSection
	GlobalSection(ExtensibilityGlobals) = postSolution
		SolutionGuid = {87BD1941-46FE-4990-8DD6-C38651309F83}
	EndGlobalSection
EndGlobal
